
Microsoft Visual Studio Solution File, Format Version 12.00
# Visual Studio Version 17
VisualStudioVersion = 17.10.35013.160
MinimumVisualStudioVersion = 10.0.40219.1
Project("{8BC9CEB8-8B4A-11D0-8D11-00A0C91BC942}") = "cod-ww2-zombies", "cod-ww2-zombies.vcxproj", "{CBC8241B-5A71-49D6-9735-47A3261AEA84}"
EndProject
Global
	GlobalSection(SolutionConfigurationPlatforms) = preSolution
		Debug|x64 = Debug|x64
		Debug|x86 = Debug|x86
		Release|x64 = Release|x64
		Release|x86 = Release|x86
	EndGlobalSection
	GlobalSection(ProjectConfigurationPlatforms) = postSolution
		{CBC8241B-5A71-49D6-9735-47A3261AEA84}.Debug|x64.ActiveCfg = Debug|x64
		{CBC8241B-5A71-49D6-9735-47A3261AEA84}.Debug|x64.Build.0 = Debug|x64
		{CBC8241B-5A71-49D6-9735-47A3261AEA84}.Debug|x86.ActiveCfg = Debug|Win32
		{CBC8241B-5A71-49D6-9735-47A3261AEA84}.Debug|x86.Build.0 = Debug|Win32
		{CBC8241B-5A71-49D6-9735-47A3261AEA84}.Release|x64.ActiveCfg = Release|x64
		{CBC8241B-5A71-49D6-9735-47A3261AEA84}.Release|x64.Build.0 = Release|x64
		{CBC8241B-5A71-49D6-9735-47A3261AEA84}.Release|x86.ActiveCfg = Release|Win32
		{CBC8241B-5A71-49D6-9735-47A3261AEA84}.Release|x86.Build.0 = Release|Win32
	EndGlobalSection
	GlobalSection(SolutionProperties) = preSolution
		HideSolutionNode = FALSE
	EndGlobalSection
	GlobalSection(ExtensibilityGlobals) = postSolution
		SolutionGuid = {13E4F93B-2BDE-4634-AF3F-C90744D49276}
	EndGlobalSection
EndGlobal
